{
  "name": "burrow",
  "lockfileVersion": 3,
  "requires": true,
  "packages": {
    "": {
      "dependencies": {
        "@next/font": "^13.4.19"
      }
    },
    "node_modules/@next/font": {
      "version": "13.4.19",
      "resolved": "https://registry.npmjs.org/@next/font/-/font-13.4.19.tgz",
      "integrity": "sha512-yOuSRYfqksWcaG/sATr1/DEGvvI8gnmAAnQCCZ0+L9p4Pio3/DMu71J56YHh9Hz84LDN4tMVzuux0ssCuM50sA=="
    }
  }
}
